
Microsoft Visual Studio Solution File, Format Version 12.00
# Visual Studio Version 16
VisualStudioVersion = 16.0.32602.291
MinimumVisualStudioVersion = 10.0.40219.1
Project("{9A19103F-16F7-4668-BE54-9A1E7A4F7556}") = "CoordinatorsMicroservice", "CoordinatorsMicroservice.csproj", "{88DB69C6-E0DB-4C1C-ACA4-98DBEA56CEB8}"
EndProject
Project("{FAE04EC0-301F-11D3-BF4B-00C04F79EFBC}") = "CoordinatorsMicroservices.Tests", "..\CoordinatorsMicroservices.Tests\CoordinatorsMicroservices.Tests.csproj", "{804D8D8E-4F74-4D16-8507-E9336999BB1A}"
EndProject
Global
	GlobalSection(SolutionConfigurationPlatforms) = preSolution
		Debug|Any CPU = Debug|Any CPU
		Release|Any CPU = Release|Any CPU
	EndGlobalSection
	GlobalSection(ProjectConfigurationPlatforms) = postSolution
		{88DB69C6-E0DB-4C1C-ACA4-98DBEA56CEB8}.Debug|Any CPU.ActiveCfg = Debug|Any CPU
		{88DB69C6-E0DB-4C1C-ACA4-98DBEA56CEB8}.Debug|Any CPU.Build.0 = Debug|Any CPU
		{88DB69C6-E0DB-4C1C-ACA4-98DBEA56CEB8}.Release|Any CPU.ActiveCfg = Release|Any CPU
		{88DB69C6-E0DB-4C1C-ACA4-98DBEA56CEB8}.Release|Any CPU.Build.0 = Release|Any CPU
		{804D8D8E-4F74-4D16-8507-E9336999BB1A}.Debug|Any CPU.ActiveCfg = Debug|Any CPU
		{804D8D8E-4F74-4D16-8507-E9336999BB1A}.Debug|Any CPU.Build.0 = Debug|Any CPU
		{804D8D8E-4F74-4D16-8507-E9336999BB1A}.Release|Any CPU.ActiveCfg = Release|Any CPU
		{804D8D8E-4F74-4D16-8507-E9336999BB1A}.Release|Any CPU.Build.0 = Release|Any CPU
	EndGlobalSection
	GlobalSection(SolutionProperties) = preSolution
		HideSolutionNode = FALSE
	EndGlobalSection
	GlobalSection(ExtensibilityGlobals) = postSolution
		SolutionGuid = {2A4905E2-63A3-44A3-9DBF-662F03FC312E}
	EndGlobalSection
EndGlobal
